
Microsoft Visual Studio Solution File, Format Version 12.00
Project("{FAE04EC0-301F-11D3-BF4B-00C04F79EFBC}") = "WebApplication2", "WebApplication2\WebApplication2.csproj", "{EABB8725-2951-4582-AC1A-E67CCEC08024}"
EndProject
Project("{FAE04EC0-301F-11D3-BF4B-00C04F79EFBC}") = "TestProject1", "TestProject1\TestProject1.csproj", "{3BE1757D-0659-4A07-AB68-BC2E9FC63E8E}"
EndProject
Global
	GlobalSection(SolutionConfigurationPlatforms) = preSolution
		Debug|Any CPU = Debug|Any CPU
		Release|Any CPU = Release|Any CPU
	EndGlobalSection
	GlobalSection(ProjectConfigurationPlatforms) = postSolution
		{EABB8725-2951-4582-AC1A-E67CCEC08024}.Debug|Any CPU.ActiveCfg = Debug|Any CPU
		{EABB8725-2951-4582-AC1A-E67CCEC08024}.Debug|Any CPU.Build.0 = Debug|Any CPU
		{EABB8725-2951-4582-AC1A-E67CCEC08024}.Release|Any CPU.ActiveCfg = Release|Any CPU
		{EABB8725-2951-4582-AC1A-E67CCEC08024}.Release|Any CPU.Build.0 = Release|Any CPU
		{3BE1757D-0659-4A07-AB68-BC2E9FC63E8E}.Debug|Any CPU.ActiveCfg = Debug|Any CPU
		{3BE1757D-0659-4A07-AB68-BC2E9FC63E8E}.Debug|Any CPU.Build.0 = Debug|Any CPU
		{3BE1757D-0659-4A07-AB68-BC2E9FC63E8E}.Release|Any CPU.ActiveCfg = Release|Any CPU
		{3BE1757D-0659-4A07-AB68-BC2E9FC63E8E}.Release|Any CPU.Build.0 = Release|Any CPU
	EndGlobalSection
EndGlobal
